
Microsoft Visual Studio Solution File, Format Version 12.00
# Visual Studio 15
VisualStudioVersion = 15.0.26403.0
MinimumVisualStudioVersion = 10.0.40219.1
Project("{FAE04EC0-301F-11D3-BF4B-00C04F79EFBC}") = "Temperatura", "Temperatura\Temperatura.csproj", "{CCE5E530-70C7-4236-A723-048173BFC84A}"
EndProject
Project("{FAE04EC0-301F-11D3-BF4B-00C04F79EFBC}") = "Temperatura.Testes", "Temperatura.Testes\Temperatura.Testes.csproj", "{3DE9933A-0CCF-4CEC-9214-406996B31AFD}"
EndProject
Global
	GlobalSection(SolutionConfigurationPlatforms) = preSolution
		Debug|Any CPU = Debug|Any CPU
		Release|Any CPU = Release|Any CPU
	EndGlobalSection
	GlobalSection(ProjectConfigurationPlatforms) = postSolution
		{CCE5E530-70C7-4236-A723-048173BFC84A}.Debug|Any CPU.ActiveCfg = Debug|Any CPU
		{CCE5E530-70C7-4236-A723-048173BFC84A}.Debug|Any CPU.Build.0 = Debug|Any CPU
		{CCE5E530-70C7-4236-A723-048173BFC84A}.Release|Any CPU.ActiveCfg = Release|Any CPU
		{CCE5E530-70C7-4236-A723-048173BFC84A}.Release|Any CPU.Build.0 = Release|Any CPU
		{3DE9933A-0CCF-4CEC-9214-406996B31AFD}.Debug|Any CPU.ActiveCfg = Debug|Any CPU
		{3DE9933A-0CCF-4CEC-9214-406996B31AFD}.Debug|Any CPU.Build.0 = Debug|Any CPU
		{3DE9933A-0CCF-4CEC-9214-406996B31AFD}.Release|Any CPU.ActiveCfg = Release|Any CPU
		{3DE9933A-0CCF-4CEC-9214-406996B31AFD}.Release|Any CPU.Build.0 = Release|Any CPU
	EndGlobalSection
	GlobalSection(SolutionProperties) = preSolution
		HideSolutionNode = FALSE
	EndGlobalSection
EndGlobal
